
Microsoft Visual Studio Solution File, Format Version 12.00
# Visual Studio Version 16
VisualStudioVersion = 16.0.30717.126
MinimumVisualStudioVersion = 10.0.40219.1
Project("{9A19103F-16F7-4668-BE54-9A1E7A4F7556}") = "Assignment_4_draft", "DataGov_API-Intro\Assignment_4_draft.csproj", "{98BA915C-6942-40D6-8744-8D7162732898}"
EndProject
Global
	GlobalSection(SolutionConfigurationPlatforms) = preSolution
		Debug|Any CPU = Debug|Any CPU
		Release|Any CPU = Release|Any CPU
	EndGlobalSection
	GlobalSection(ProjectConfigurationPlatforms) = postSolution
		{98BA915C-6942-40D6-8744-8D7162732898}.Debug|Any CPU.ActiveCfg = Debug|Any CPU
		{98BA915C-6942-40D6-8744-8D7162732898}.Debug|Any CPU.Build.0 = Debug|Any CPU
		{98BA915C-6942-40D6-8744-8D7162732898}.Release|Any CPU.ActiveCfg = Release|Any CPU
		{98BA915C-6942-40D6-8744-8D7162732898}.Release|Any CPU.Build.0 = Release|Any CPU
	EndGlobalSection
	GlobalSection(SolutionProperties) = preSolution
		HideSolutionNode = FALSE
	EndGlobalSection
	GlobalSection(ExtensibilityGlobals) = postSolution
		SolutionGuid = {277E2B0E-C537-4CDB-AE20-DAA732930706}
	EndGlobalSection
EndGlobal
